
Microsoft Visual Studio Solution File, Format Version 12.00
# Visual Studio Version 17
VisualStudioVersion = 17.4.33103.184
MinimumVisualStudioVersion = 10.0.40219.1
Project("{FAE04EC0-301F-11D3-BF4B-00C04F79EFBC}") = "ClientUI", "ClientUI\ClientUI.csproj", "{D3BE27FF-5670-47A8-B10F-5BEA79AD5199}"
EndProject
Project("{FAE04EC0-301F-11D3-BF4B-00C04F79EFBC}") = "Sales.Messages", "Messages\Sales.Messages.csproj", "{E49CE8E0-A88F-4608-8541-81DC35C431FD}"
EndProject
Project("{FAE04EC0-301F-11D3-BF4B-00C04F79EFBC}") = "Sales", "Sales\Sales.csproj", "{EF0E5B55-9343-43B0-846F-F319BF15A3B6}"
EndProject
Project("{FAE04EC0-301F-11D3-BF4B-00C04F79EFBC}") = "Billing", "Billing\Billing.csproj", "{9D75D8A1-4185-4806-8918-D6185C9F56DA}"
EndProject
Project("{FAE04EC0-301F-11D3-BF4B-00C04F79EFBC}") = "Billing.Messages", "Billing.Messages\Billing.Messages.csproj", "{62CA3BD4-F066-495A-816A-DC59EB827FDB}"
EndProject
Project("{FAE04EC0-301F-11D3-BF4B-00C04F79EFBC}") = "Shipping", "Shipping\Shipping.csproj", "{33867E7B-0264-4D45-B94E-FBC5A3F64B6B}"
EndProject
Global
	GlobalSection(SolutionConfigurationPlatforms) = preSolution
		Debug|Any CPU = Debug|Any CPU
		Release|Any CPU = Release|Any CPU
	EndGlobalSection
	GlobalSection(ProjectConfigurationPlatforms) = postSolution
		{D3BE27FF-5670-47A8-B10F-5BEA79AD5199}.Debug|Any CPU.ActiveCfg = Debug|Any CPU
		{D3BE27FF-5670-47A8-B10F-5BEA79AD5199}.Debug|Any CPU.Build.0 = Debug|Any CPU
		{D3BE27FF-5670-47A8-B10F-5BEA79AD5199}.Release|Any CPU.ActiveCfg = Release|Any CPU
		{D3BE27FF-5670-47A8-B10F-5BEA79AD5199}.Release|Any CPU.Build.0 = Release|Any CPU
		{E49CE8E0-A88F-4608-8541-81DC35C431FD}.Debug|Any CPU.ActiveCfg = Debug|Any CPU
		{E49CE8E0-A88F-4608-8541-81DC35C431FD}.Debug|Any CPU.Build.0 = Debug|Any CPU
		{E49CE8E0-A88F-4608-8541-81DC35C431FD}.Release|Any CPU.ActiveCfg = Release|Any CPU
		{E49CE8E0-A88F-4608-8541-81DC35C431FD}.Release|Any CPU.Build.0 = Release|Any CPU
		{EF0E5B55-9343-43B0-846F-F319BF15A3B6}.Debug|Any CPU.ActiveCfg = Debug|Any CPU
		{EF0E5B55-9343-43B0-846F-F319BF15A3B6}.Debug|Any CPU.Build.0 = Debug|Any CPU
		{EF0E5B55-9343-43B0-846F-F319BF15A3B6}.Release|Any CPU.ActiveCfg = Release|Any CPU
		{EF0E5B55-9343-43B0-846F-F319BF15A3B6}.Release|Any CPU.Build.0 = Release|Any CPU
		{9D75D8A1-4185-4806-8918-D6185C9F56DA}.Debug|Any CPU.ActiveCfg = Debug|Any CPU
		{9D75D8A1-4185-4806-8918-D6185C9F56DA}.Debug|Any CPU.Build.0 = Debug|Any CPU
		{9D75D8A1-4185-4806-8918-D6185C9F56DA}.Release|Any CPU.ActiveCfg = Release|Any CPU
		{9D75D8A1-4185-4806-8918-D6185C9F56DA}.Release|Any CPU.Build.0 = Release|Any CPU
		{62CA3BD4-F066-495A-816A-DC59EB827FDB}.Debug|Any CPU.ActiveCfg = Debug|Any CPU
		{62CA3BD4-F066-495A-816A-DC59EB827FDB}.Debug|Any CPU.Build.0 = Debug|Any CPU
		{62CA3BD4-F066-495A-816A-DC59EB827FDB}.Release|Any CPU.ActiveCfg = Release|Any CPU
		{62CA3BD4-F066-495A-816A-DC59EB827FDB}.Release|Any CPU.Build.0 = Release|Any CPU
		{33867E7B-0264-4D45-B94E-FBC5A3F64B6B}.Debug|Any CPU.ActiveCfg = Debug|Any CPU
		{33867E7B-0264-4D45-B94E-FBC5A3F64B6B}.Debug|Any CPU.Build.0 = Debug|Any CPU
		{33867E7B-0264-4D45-B94E-FBC5A3F64B6B}.Release|Any CPU.ActiveCfg = Release|Any CPU
		{33867E7B-0264-4D45-B94E-FBC5A3F64B6B}.Release|Any CPU.Build.0 = Release|Any CPU
	EndGlobalSection
	GlobalSection(SolutionProperties) = preSolution
		HideSolutionNode = FALSE
	EndGlobalSection
	GlobalSection(ExtensibilityGlobals) = postSolution
		SolutionGuid = {94003A1E-E652-4DEE-99C2-97D0A0FE0137}
	EndGlobalSection
EndGlobal
